{
  "name": "qmsk-dmx",
  "version": "0.0.1",
  "dependencies": {
    "@angular/common": {
      "version": "4.0.1",
      "from": "@angular/common@4.0.1",
      "resolved": "https://registry.npmjs.org/@angular/common/-/common-4.0.1.tgz"
    },
    "@angular/compiler": {
      "version": "4.0.1",
      "from": "@angular/compiler@4.0.1",
      "resolved": "https://registry.npmjs.org/@angular/compiler/-/compiler-4.0.1.tgz"
    },
    "@angular/core": {
      "version": "4.0.1",
      "from": "@angular/core@4.0.1",
      "resolved": "https://registry.npmjs.org/@angular/core/-/core-4.0.1.tgz"
    },
    "@angular/forms": {
      "version": "4.0.1",
      "from": "@angular/forms@4.0.1",
      "resolved": "https://registry.npmjs.org/@angular/forms/-/forms-4.0.1.tgz"
    },
    "@angular/http": {
      "version": "4.0.1",
      "from": "@angular/http@4.0.1",
      "resolved": "https://registry.npmjs.org/@angular/http/-/http-4.0.1.tgz"
    },
    "@angular/platform-browser": {
      "version": "4.0.1",
      "from": "@angular/platform-browser@4.0.1",
      "resolved": "https://registry.npmjs.org/@angular/platform-browser/-/platform-browser-4.0.1.tgz"
    },
    "@angular/platform-browser-dynamic": {
      "version": "4.0.1",
      "from": "@angular/platform-browser-dynamic@4.0.1",
      "resolved": "https://registry.npmjs.org/@angular/platform-browser-dynamic/-/platform-browser-dynamic-4.0.1.tgz"
    },
    "@angular/router": {
      "version": "4.0.1",
      "from": "@angular/router@4.0.1",
      "resolved": "https://registry.npmjs.org/@angular/router/-/router-4.0.1.tgz"
    },
    "core-js": {
      "version": "2.4.1",
      "from": "core-js@>=2.4.1 <3.0.0",
      "resolved": "https://registry.npmjs.org/core-js/-/core-js-2.4.1.tgz"
    },
    "intl": {
      "version": "1.2.5",
      "from": "intl@latest",
      "resolved": "https://registry.npmjs.org/intl/-/intl-1.2.5.tgz"
    },
    "lodash": {
      "version": "4.17.4",
      "from": "lodash@4.17.4",
      "resolved": "https://registry.npmjs.org/lodash/-/lodash-4.17.4.tgz"
    },
    "material-design-icons": {
      "version": "3.0.1",
      "from": "material-design-icons@latest",
      "resolved": "https://registry.npmjs.org/material-design-icons/-/material-design-icons-3.0.1.tgz"
    },
    "normalize.css": {
      "version": "6.0.0",
      "from": "normalize.css@6.0.0",
      "resolved": "https://registry.npmjs.org/normalize.css/-/normalize.css-6.0.0.tgz"
    },
    "reflect-metadata": {
      "version": "0.1.10",
      "from": "reflect-metadata@0.1.10",
      "resolved": "https://registry.npmjs.org/reflect-metadata/-/reflect-metadata-0.1.10.tgz"
    },
    "rxjs": {
      "version": "5.2.0",
      "from": "rxjs@5.2.0",
      "resolved": "https://registry.npmjs.org/rxjs/-/rxjs-5.2.0.tgz"
    },
    "spinkit": {
      "version": "1.2.5",
      "from": "spinkit@latest",
      "resolved": "https://registry.npmjs.org/spinkit/-/spinkit-1.2.5.tgz"
    },
    "symbol-observable": {
      "version": "1.0.4",
      "from": "symbol-observable@>=1.0.1 <2.0.0",
      "resolved": "https://registry.npmjs.org/symbol-observable/-/symbol-observable-1.0.4.tgz"
    },
    "systemjs": {
      "version": "0.20.11",
      "from": "systemjs@0.20.11",
      "resolved": "https://registry.npmjs.org/systemjs/-/systemjs-0.20.11.tgz"
    },
    "zone.js": {
      "version": "0.8.5",
      "from": "zone.js@0.8.5",
      "resolved": "https://registry.npmjs.org/zone.js/-/zone.js-0.8.5.tgz"
    }
  }
}
